
Microsoft Visual Studio Solution File, Format Version 12.00
# Visual Studio Version 17
VisualStudioVersion = 17.2.32519.379
MinimumVisualStudioVersion = 10.0.40219.1
Project("{FAE04EC0-301F-11D3-BF4B-00C04F79EFBC}") = "appLOGINautenticacao", "appLOGINautenticacao\appLOGINautenticacao.csproj", "{98C2A169-959D-4FD9-A3DF-3245B2E8C22B}"
EndProject
Global
	GlobalSection(SolutionConfigurationPlatforms) = preSolution
		Debug|Any CPU = Debug|Any CPU
		Release|Any CPU = Release|Any CPU
	EndGlobalSection
	GlobalSection(ProjectConfigurationPlatforms) = postSolution
		{98C2A169-959D-4FD9-A3DF-3245B2E8C22B}.Debug|Any CPU.ActiveCfg = Debug|Any CPU
		{98C2A169-959D-4FD9-A3DF-3245B2E8C22B}.Debug|Any CPU.Build.0 = Debug|Any CPU
		{98C2A169-959D-4FD9-A3DF-3245B2E8C22B}.Release|Any CPU.ActiveCfg = Release|Any CPU
		{98C2A169-959D-4FD9-A3DF-3245B2E8C22B}.Release|Any CPU.Build.0 = Release|Any CPU
	EndGlobalSection
	GlobalSection(SolutionProperties) = preSolution
		HideSolutionNode = FALSE
	EndGlobalSection
	GlobalSection(ExtensibilityGlobals) = postSolution
		SolutionGuid = {5594BD9D-1930-48E7-84DD-A9A2FE9CE2E8}
	EndGlobalSection
EndGlobal
